{
  "requires": true,
  "lockfileVersion": 1,
  "dependencies": {
    "share-buttons": {
      "version": "1.6.0",
      "resolved": "https://registry.npmjs.org/share-buttons/-/share-buttons-1.6.0.tgz",
      "integrity": "sha512-YrhG0Skg0guBeOLHES6NWdiVWlmEv1MiyefF6kTnwOo0IjP/LlJ69MTZQgwdhy0Q4Rd29trSnY0np2PC53fywA=="
    }
  }
}
